
Microsoft Visual Studio Solution File, Format Version 12.00
# Visual Studio Version 16
VisualStudioVersion = 16.0.30503.244
MinimumVisualStudioVersion = 10.0.40219.1
Project("{FAE04EC0-301F-11D3-BF4B-00C04F79EFBC}") = "EmployeeManagement", "EmployeeManagement\EmployeeManagement.csproj", "{D23AE63E-7D5F-46D2-803A-1E59ED5FE004}"
EndProject
Global
	GlobalSection(SolutionConfigurationPlatforms) = preSolution
		Debug|Any CPU = Debug|Any CPU
		Release|Any CPU = Release|Any CPU
	EndGlobalSection
	GlobalSection(ProjectConfigurationPlatforms) = postSolution
		{D23AE63E-7D5F-46D2-803A-1E59ED5FE004}.Debug|Any CPU.ActiveCfg = Debug|Any CPU
		{D23AE63E-7D5F-46D2-803A-1E59ED5FE004}.Debug|Any CPU.Build.0 = Debug|Any CPU
		{D23AE63E-7D5F-46D2-803A-1E59ED5FE004}.Release|Any CPU.ActiveCfg = Release|Any CPU
		{D23AE63E-7D5F-46D2-803A-1E59ED5FE004}.Release|Any CPU.Build.0 = Release|Any CPU
	EndGlobalSection
	GlobalSection(SolutionProperties) = preSolution
		HideSolutionNode = FALSE
	EndGlobalSection
	GlobalSection(ExtensibilityGlobals) = postSolution
		SolutionGuid = {A366322A-18B5-47AB-A99E-4EEED3076120}
	EndGlobalSection
EndGlobal
